
Microsoft Visual Studio Solution File, Format Version 12.00
# Visual Studio 15
VisualStudioVersion = 15.0.27130.2036
MinimumVisualStudioVersion = 10.0.40219.1
Project("{E24C65DC-7377-472B-9ABA-BC803B73C61A}") = "weproteus", "weproteus\", "{DFB1976E-CAE3-4E47-AAFA-E769D60CEB13}"
	ProjectSection(WebsiteProperties) = preProject
		TargetFrameworkMoniker = ".NETFramework,Version%3Dv4.6.1"
		Debug.AspNetCompiler.VirtualPath = "/localhost_50292"
		Debug.AspNetCompiler.PhysicalPath = "weproteus\"
		Debug.AspNetCompiler.TargetPath = "PrecompiledWeb\localhost_50292\"
		Debug.AspNetCompiler.Updateable = "true"
		Debug.AspNetCompiler.ForceOverwrite = "true"
		Debug.AspNetCompiler.FixedNames = "false"
		Debug.AspNetCompiler.Debug = "True"
		Release.AspNetCompiler.VirtualPath = "/localhost_50292"
		Release.AspNetCompiler.PhysicalPath = "weproteus\"
		Release.AspNetCompiler.TargetPath = "PrecompiledWeb\localhost_50292\"
		Release.AspNetCompiler.Updateable = "true"
		Release.AspNetCompiler.ForceOverwrite = "true"
		Release.AspNetCompiler.FixedNames = "false"
		Release.AspNetCompiler.Debug = "False"
		VWDPort = "50292"
		SlnRelativePath = "weproteus\"
		DefaultWebSiteLanguage = "Visual C#"
	EndProjectSection
EndProject
Global
	GlobalSection(SolutionConfigurationPlatforms) = preSolution
		Debug|Any CPU = Debug|Any CPU
	EndGlobalSection
	GlobalSection(ProjectConfigurationPlatforms) = postSolution
		{DFB1976E-CAE3-4E47-AAFA-E769D60CEB13}.Debug|Any CPU.ActiveCfg = Debug|Any CPU
		{DFB1976E-CAE3-4E47-AAFA-E769D60CEB13}.Debug|Any CPU.Build.0 = Debug|Any CPU
	EndGlobalSection
	GlobalSection(SolutionProperties) = preSolution
		HideSolutionNode = FALSE
	EndGlobalSection
	GlobalSection(ExtensibilityGlobals) = postSolution
		SolutionGuid = {FB087522-D3FC-4632-9882-46DED300099A}
	EndGlobalSection
EndGlobal
